
Microsoft Visual Studio Solution File, Format Version 12.00
# Visual Studio Express 14 for Web
VisualStudioVersion = 14.0.24720.0
MinimumVisualStudioVersion = 10.0.40219.1
Project("{FAE04EC0-301F-11D3-BF4B-00C04F79EFBC}") = "Hermod", "Hermod\Hermod.csproj", "{477EFD16-3627-4473-957D-44CA9A9DFB79}"
EndProject
Project("{2150E333-8FDC-42A3-9474-1A3956D46DE8}") = "Dependencies", "Dependencies", "{5CD955CE-0E5B-4DC6-AAB0-F4491362EE94}"
EndProject
Project("{FAE04EC0-301F-11D3-BF4B-00C04F79EFBC}") = "HermodTests", "HermodTests\HermodTests.csproj", "{8F1ABEE3-CFF0-47D6-A872-25112A74CCDA}"
EndProject
Project("{2150E333-8FDC-42A3-9474-1A3956D46DE8}") = "UnitTests", "UnitTests", "{458B7E03-207F-4031-BF6B-C0404D637DA8}"
EndProject
Project("{2150E333-8FDC-42A3-9474-1A3956D46DE8}") = "Dependencies", "Dependencies", "{F8573DEB-B116-49D3-A5CC-E4D00D5D877F}"
EndProject
Project("{FAE04EC0-301F-11D3-BF4B-00C04F79EFBC}") = "StyxTests", "..\Styx\StyxTests\StyxTests.csproj", "{6F2452F5-BF16-4577-9C5A-85C8D7B5289D}"
EndProject
Project("{FAE04EC0-301F-11D3-BF4B-00C04F79EFBC}") = "HermodRawIP", "HermodRawIP\HermodRawIP.csproj", "{18360D99-87C2-479C-AB52-55D0BCA9B000}"
EndProject
Project("{FAE04EC0-301F-11D3-BF4B-00C04F79EFBC}") = "Styx", "..\Styx\Styx\Styx.csproj", "{3949790D-8591-4101-9E4D-CE7A758E7409}"
EndProject
Project("{FAE04EC0-301F-11D3-BF4B-00C04F79EFBC}") = "Illias", "..\Illias\Illias\Illias.csproj", "{E156F18D-D41C-4529-9BCC-9962E6EE25DA}"
EndProject
Project("{FAE04EC0-301F-11D3-BF4B-00C04F79EFBC}") = "crypto", "..\BouncyCastle\crypto\crypto.csproj", "{38872A5F-E87E-4FAD-B109-8EB7B2E6A4A0}"
EndProject
Project("{FAE04EC0-301F-11D3-BF4B-00C04F79EFBC}") = "CommonsTests", "..\Illias\CommonsTests\CommonsTests.csproj", "{02A5F706-A9AC-46BE-A428-EA6F990D8E21}"
EndProject
Project("{FAE04EC0-301F-11D3-BF4B-00C04F79EFBC}") = "GeometryTests", "..\Illias\GeometryTests\GeometryTests.csproj", "{C461823B-E5CA-4AB1-91A6-8DE8A4AEB157}"
EndProject
Global
	GlobalSection(SolutionConfigurationPlatforms) = preSolution
		Debug|Any CPU = Debug|Any CPU
		Debug|Mixed Platforms = Debug|Mixed Platforms
		Debug|x86 = Debug|x86
		Release|Any CPU = Release|Any CPU
		Release|Mixed Platforms = Release|Mixed Platforms
		Release|x86 = Release|x86
	EndGlobalSection
	GlobalSection(ProjectConfigurationPlatforms) = postSolution
		{477EFD16-3627-4473-957D-44CA9A9DFB79}.Debug|Any CPU.ActiveCfg = Debug|Any CPU
		{477EFD16-3627-4473-957D-44CA9A9DFB79}.Debug|Any CPU.Build.0 = Debug|Any CPU
		{477EFD16-3627-4473-957D-44CA9A9DFB79}.Debug|Mixed Platforms.ActiveCfg = Debug|Any CPU
		{477EFD16-3627-4473-957D-44CA9A9DFB79}.Debug|Mixed Platforms.Build.0 = Debug|Any CPU
		{477EFD16-3627-4473-957D-44CA9A9DFB79}.Debug|x86.ActiveCfg = Debug|Any CPU
		{477EFD16-3627-4473-957D-44CA9A9DFB79}.Release|Any CPU.ActiveCfg = Release|Any CPU
		{477EFD16-3627-4473-957D-44CA9A9DFB79}.Release|Any CPU.Build.0 = Release|Any CPU
		{477EFD16-3627-4473-957D-44CA9A9DFB79}.Release|Mixed Platforms.ActiveCfg = Release|Any CPU
		{477EFD16-3627-4473-957D-44CA9A9DFB79}.Release|Mixed Platforms.Build.0 = Release|Any CPU
		{477EFD16-3627-4473-957D-44CA9A9DFB79}.Release|x86.ActiveCfg = Release|Any CPU
		{8F1ABEE3-CFF0-47D6-A872-25112A74CCDA}.Debug|Any CPU.ActiveCfg = Debug|Any CPU
		{8F1ABEE3-CFF0-47D6-A872-25112A74CCDA}.Debug|Any CPU.Build.0 = Debug|Any CPU
		{8F1ABEE3-CFF0-47D6-A872-25112A74CCDA}.Debug|Mixed Platforms.ActiveCfg = Debug|Any CPU
		{8F1ABEE3-CFF0-47D6-A872-25112A74CCDA}.Debug|Mixed Platforms.Build.0 = Debug|Any CPU
		{8F1ABEE3-CFF0-47D6-A872-25112A74CCDA}.Debug|x86.ActiveCfg = Debug|Any CPU
		{8F1ABEE3-CFF0-47D6-A872-25112A74CCDA}.Release|Any CPU.ActiveCfg = Release|Any CPU
		{8F1ABEE3-CFF0-47D6-A872-25112A74CCDA}.Release|Any CPU.Build.0 = Release|Any CPU
		{8F1ABEE3-CFF0-47D6-A872-25112A74CCDA}.Release|Mixed Platforms.ActiveCfg = Release|Any CPU
		{8F1ABEE3-CFF0-47D6-A872-25112A74CCDA}.Release|Mixed Platforms.Build.0 = Release|Any CPU
		{8F1ABEE3-CFF0-47D6-A872-25112A74CCDA}.Release|x86.ActiveCfg = Release|Any CPU
		{6F2452F5-BF16-4577-9C5A-85C8D7B5289D}.Debug|Any CPU.ActiveCfg = Debug|Any CPU
		{6F2452F5-BF16-4577-9C5A-85C8D7B5289D}.Debug|Any CPU.Build.0 = Debug|Any CPU
		{6F2452F5-BF16-4577-9C5A-85C8D7B5289D}.Debug|Mixed Platforms.ActiveCfg = Debug|Any CPU
		{6F2452F5-BF16-4577-9C5A-85C8D7B5289D}.Debug|Mixed Platforms.Build.0 = Debug|Any CPU
		{6F2452F5-BF16-4577-9C5A-85C8D7B5289D}.Debug|x86.ActiveCfg = Debug|Any CPU
		{6F2452F5-BF16-4577-9C5A-85C8D7B5289D}.Release|Any CPU.ActiveCfg = Release|Any CPU
		{6F2452F5-BF16-4577-9C5A-85C8D7B5289D}.Release|Any CPU.Build.0 = Release|Any CPU
		{6F2452F5-BF16-4577-9C5A-85C8D7B5289D}.Release|Mixed Platforms.ActiveCfg = Release|Any CPU
		{6F2452F5-BF16-4577-9C5A-85C8D7B5289D}.Release|Mixed Platforms.Build.0 = Release|Any CPU
		{6F2452F5-BF16-4577-9C5A-85C8D7B5289D}.Release|x86.ActiveCfg = Release|Any CPU
		{18360D99-87C2-479C-AB52-55D0BCA9B000}.Debug|Any CPU.ActiveCfg = Debug|Any CPU
		{18360D99-87C2-479C-AB52-55D0BCA9B000}.Debug|Any CPU.Build.0 = Debug|Any CPU
		{18360D99-87C2-479C-AB52-55D0BCA9B000}.Debug|Mixed Platforms.ActiveCfg = Debug|Any CPU
		{18360D99-87C2-479C-AB52-55D0BCA9B000}.Debug|Mixed Platforms.Build.0 = Debug|Any CPU
		{18360D99-87C2-479C-AB52-55D0BCA9B000}.Debug|x86.ActiveCfg = Debug|Any CPU
		{18360D99-87C2-479C-AB52-55D0BCA9B000}.Release|Any CPU.ActiveCfg = Release|Any CPU
		{18360D99-87C2-479C-AB52-55D0BCA9B000}.Release|Any CPU.Build.0 = Release|Any CPU
		{18360D99-87C2-479C-AB52-55D0BCA9B000}.Release|Mixed Platforms.ActiveCfg = Release|Any CPU
		{18360D99-87C2-479C-AB52-55D0BCA9B000}.Release|Mixed Platforms.Build.0 = Release|Any CPU
		{18360D99-87C2-479C-AB52-55D0BCA9B000}.Release|x86.ActiveCfg = Release|Any CPU
		{3949790D-8591-4101-9E4D-CE7A758E7409}.Debug|Any CPU.ActiveCfg = Debug|Any CPU
		{3949790D-8591-4101-9E4D-CE7A758E7409}.Debug|Any CPU.Build.0 = Debug|Any CPU
		{3949790D-8591-4101-9E4D-CE7A758E7409}.Debug|Mixed Platforms.ActiveCfg = Debug|Any CPU
		{3949790D-8591-4101-9E4D-CE7A758E7409}.Debug|Mixed Platforms.Build.0 = Debug|Any CPU
		{3949790D-8591-4101-9E4D-CE7A758E7409}.Debug|x86.ActiveCfg = Debug|Any CPU
		{3949790D-8591-4101-9E4D-CE7A758E7409}.Release|Any CPU.ActiveCfg = Release|Any CPU
		{3949790D-8591-4101-9E4D-CE7A758E7409}.Release|Any CPU.Build.0 = Release|Any CPU
		{3949790D-8591-4101-9E4D-CE7A758E7409}.Release|Mixed Platforms.ActiveCfg = Release|Any CPU
		{3949790D-8591-4101-9E4D-CE7A758E7409}.Release|Mixed Platforms.Build.0 = Release|Any CPU
		{3949790D-8591-4101-9E4D-CE7A758E7409}.Release|x86.ActiveCfg = Release|Any CPU
		{E156F18D-D41C-4529-9BCC-9962E6EE25DA}.Debug|Any CPU.ActiveCfg = Debug|Any CPU
		{E156F18D-D41C-4529-9BCC-9962E6EE25DA}.Debug|Any CPU.Build.0 = Debug|Any CPU
		{E156F18D-D41C-4529-9BCC-9962E6EE25DA}.Debug|Mixed Platforms.ActiveCfg = Debug|Any CPU
		{E156F18D-D41C-4529-9BCC-9962E6EE25DA}.Debug|Mixed Platforms.Build.0 = Debug|Any CPU
		{E156F18D-D41C-4529-9BCC-9962E6EE25DA}.Debug|x86.ActiveCfg = Debug|Any CPU
		{E156F18D-D41C-4529-9BCC-9962E6EE25DA}.Release|Any CPU.ActiveCfg = Release|Any CPU
		{E156F18D-D41C-4529-9BCC-9962E6EE25DA}.Release|Any CPU.Build.0 = Release|Any CPU
		{E156F18D-D41C-4529-9BCC-9962E6EE25DA}.Release|Mixed Platforms.ActiveCfg = Release|Any CPU
		{E156F18D-D41C-4529-9BCC-9962E6EE25DA}.Release|Mixed Platforms.Build.0 = Release|Any CPU
		{E156F18D-D41C-4529-9BCC-9962E6EE25DA}.Release|x86.ActiveCfg = Release|Any CPU
		{38872A5F-E87E-4FAD-B109-8EB7B2E6A4A0}.Debug|Any CPU.ActiveCfg = Debug|Any CPU
		{38872A5F-E87E-4FAD-B109-8EB7B2E6A4A0}.Debug|Any CPU.Build.0 = Debug|Any CPU
		{38872A5F-E87E-4FAD-B109-8EB7B2E6A4A0}.Debug|Mixed Platforms.ActiveCfg = Debug|Any CPU
		{38872A5F-E87E-4FAD-B109-8EB7B2E6A4A0}.Debug|Mixed Platforms.Build.0 = Debug|Any CPU
		{38872A5F-E87E-4FAD-B109-8EB7B2E6A4A0}.Debug|x86.ActiveCfg = Debug|Any CPU
		{38872A5F-E87E-4FAD-B109-8EB7B2E6A4A0}.Release|Any CPU.ActiveCfg = Release|Any CPU
		{38872A5F-E87E-4FAD-B109-8EB7B2E6A4A0}.Release|Any CPU.Build.0 = Release|Any CPU
		{38872A5F-E87E-4FAD-B109-8EB7B2E6A4A0}.Release|Mixed Platforms.ActiveCfg = Release|Any CPU
		{38872A5F-E87E-4FAD-B109-8EB7B2E6A4A0}.Release|Mixed Platforms.Build.0 = Release|Any CPU
		{38872A5F-E87E-4FAD-B109-8EB7B2E6A4A0}.Release|x86.ActiveCfg = Release|Any CPU
		{02A5F706-A9AC-46BE-A428-EA6F990D8E21}.Debug|Any CPU.ActiveCfg = Debug|Any CPU
		{02A5F706-A9AC-46BE-A428-EA6F990D8E21}.Debug|Any CPU.Build.0 = Debug|Any CPU
		{02A5F706-A9AC-46BE-A428-EA6F990D8E21}.Debug|Mixed Platforms.ActiveCfg = Debug|Any CPU
		{02A5F706-A9AC-46BE-A428-EA6F990D8E21}.Debug|Mixed Platforms.Build.0 = Debug|Any CPU
		{02A5F706-A9AC-46BE-A428-EA6F990D8E21}.Debug|x86.ActiveCfg = Debug|Any CPU
		{02A5F706-A9AC-46BE-A428-EA6F990D8E21}.Release|Any CPU.ActiveCfg = Release|Any CPU
		{02A5F706-A9AC-46BE-A428-EA6F990D8E21}.Release|Any CPU.Build.0 = Release|Any CPU
		{02A5F706-A9AC-46BE-A428-EA6F990D8E21}.Release|Mixed Platforms.ActiveCfg = Release|Any CPU
		{02A5F706-A9AC-46BE-A428-EA6F990D8E21}.Release|Mixed Platforms.Build.0 = Release|Any CPU
		{02A5F706-A9AC-46BE-A428-EA6F990D8E21}.Release|x86.ActiveCfg = Release|Any CPU
		{C461823B-E5CA-4AB1-91A6-8DE8A4AEB157}.Debug|Any CPU.ActiveCfg = Debug|Any CPU
		{C461823B-E5CA-4AB1-91A6-8DE8A4AEB157}.Debug|Any CPU.Build.0 = Debug|Any CPU
		{C461823B-E5CA-4AB1-91A6-8DE8A4AEB157}.Debug|Mixed Platforms.ActiveCfg = Debug|Any CPU
		{C461823B-E5CA-4AB1-91A6-8DE8A4AEB157}.Debug|Mixed Platforms.Build.0 = Debug|Any CPU
		{C461823B-E5CA-4AB1-91A6-8DE8A4AEB157}.Debug|x86.ActiveCfg = Debug|Any CPU
		{C461823B-E5CA-4AB1-91A6-8DE8A4AEB157}.Release|Any CPU.ActiveCfg = Release|Any CPU
		{C461823B-E5CA-4AB1-91A6-8DE8A4AEB157}.Release|Any CPU.Build.0 = Release|Any CPU
		{C461823B-E5CA-4AB1-91A6-8DE8A4AEB157}.Release|Mixed Platforms.ActiveCfg = Release|Any CPU
		{C461823B-E5CA-4AB1-91A6-8DE8A4AEB157}.Release|Mixed Platforms.Build.0 = Release|Any CPU
		{C461823B-E5CA-4AB1-91A6-8DE8A4AEB157}.Release|x86.ActiveCfg = Release|Any CPU
	EndGlobalSection
	GlobalSection(SolutionProperties) = preSolution
		HideSolutionNode = FALSE
	EndGlobalSection
	GlobalSection(NestedProjects) = preSolution
		{8F1ABEE3-CFF0-47D6-A872-25112A74CCDA} = {458B7E03-207F-4031-BF6B-C0404D637DA8}
		{F8573DEB-B116-49D3-A5CC-E4D00D5D877F} = {458B7E03-207F-4031-BF6B-C0404D637DA8}
		{6F2452F5-BF16-4577-9C5A-85C8D7B5289D} = {F8573DEB-B116-49D3-A5CC-E4D00D5D877F}
		{3949790D-8591-4101-9E4D-CE7A758E7409} = {5CD955CE-0E5B-4DC6-AAB0-F4491362EE94}
		{E156F18D-D41C-4529-9BCC-9962E6EE25DA} = {5CD955CE-0E5B-4DC6-AAB0-F4491362EE94}
		{38872A5F-E87E-4FAD-B109-8EB7B2E6A4A0} = {5CD955CE-0E5B-4DC6-AAB0-F4491362EE94}
		{02A5F706-A9AC-46BE-A428-EA6F990D8E21} = {F8573DEB-B116-49D3-A5CC-E4D00D5D877F}
		{C461823B-E5CA-4AB1-91A6-8DE8A4AEB157} = {F8573DEB-B116-49D3-A5CC-E4D00D5D877F}
	EndGlobalSection
EndGlobal
