
Microsoft Visual Studio Solution File, Format Version 11.00
# Visual Studio 2010
Project("{FAE04EC0-301F-11D3-BF4B-00C04F79EFBC}") = "Hermod", "Hermod\Hermod.csproj", "{477EFD16-3627-4473-957D-44CA9A9DFB79}"
EndProject
Project("{2150E333-8FDC-42A3-9474-1A3956D46DE8}") = "Dependencies", "Dependencies", "{5CD955CE-0E5B-4DC6-AAB0-F4491362EE94}"
EndProject
Project("{FAE04EC0-301F-11D3-BF4B-00C04F79EFBC}") = "HermodTests", "HermodTests\HermodTests.csproj", "{A39FCA19-7716-4A16-8449-D14B7251128A}"
EndProject
Project("{FAE04EC0-301F-11D3-BF4B-00C04F79EFBC}") = "HermodMulticast", "HermodMulticast\HermodMulticast.csproj", "{18360D99-87C2-479C-AB52-55D0BCA9B000}"
EndProject
Project("{2150E333-8FDC-42A3-9474-1A3956D46DE8}") = "UnitTests", "UnitTests", "{458B7E03-207F-4031-BF6B-C0404D637DA8}"
EndProject
Project("{FAE04EC0-301F-11D3-BF4B-00C04F79EFBC}") = "HermodHTTPServer", "HermodHTTPServer\HermodHTTPServer.csproj", "{9CE48DAC-0512-4947-942B-EF4C42C52B47}"
EndProject
Project("{FAE04EC0-301F-11D3-BF4B-00C04F79EFBC}") = "HermodHTTPClient", "HermodHTTPClient\HermodHTTPClient.csproj", "{0AB343E8-AA69-4685-9676-BFA27E418A20}"
EndProject
Project("{FAE04EC0-301F-11D3-BF4B-00C04F79EFBC}") = "HermodHTTP", "HermodHTTP\HermodHTTP.csproj", "{9A00BD39-1385-4DB4-8F38-363BB947CCB4}"
EndProject
Project("{2150E333-8FDC-42A3-9474-1A3956D46DE8}") = "Dependencies", "Dependencies", "{F8573DEB-B116-49D3-A5CC-E4D00D5D877F}"
EndProject
Project("{FAE04EC0-301F-11D3-BF4B-00C04F79EFBC}") = "Styx", "libs\Styx\Styx\Styx.csproj", "{3949790D-8591-4101-9E4D-CE7A758E7409}"
EndProject
Project("{FAE04EC0-301F-11D3-BF4B-00C04F79EFBC}") = "Commons", "libs\Styx\libs\Illias\Commons\Commons.csproj", "{16C85DF8-5DE6-4A9F-9FC7-7CA5B0440DF3}"
EndProject
Global
	GlobalSection(SolutionConfigurationPlatforms) = preSolution
		Debug|Any CPU = Debug|Any CPU
		Debug|Mixed Platforms = Debug|Mixed Platforms
		Debug|x86 = Debug|x86
		Release|Any CPU = Release|Any CPU
		Release|Mixed Platforms = Release|Mixed Platforms
		Release|x86 = Release|x86
	EndGlobalSection
	GlobalSection(ProjectConfigurationPlatforms) = postSolution
		{477EFD16-3627-4473-957D-44CA9A9DFB79}.Debug|Any CPU.ActiveCfg = Debug|Any CPU
		{477EFD16-3627-4473-957D-44CA9A9DFB79}.Debug|Any CPU.Build.0 = Debug|Any CPU
		{477EFD16-3627-4473-957D-44CA9A9DFB79}.Debug|Mixed Platforms.ActiveCfg = Debug|Any CPU
		{477EFD16-3627-4473-957D-44CA9A9DFB79}.Debug|Mixed Platforms.Build.0 = Debug|Any CPU
		{477EFD16-3627-4473-957D-44CA9A9DFB79}.Debug|x86.ActiveCfg = Debug|Any CPU
		{477EFD16-3627-4473-957D-44CA9A9DFB79}.Release|Any CPU.ActiveCfg = Release|Any CPU
		{477EFD16-3627-4473-957D-44CA9A9DFB79}.Release|Any CPU.Build.0 = Release|Any CPU
		{477EFD16-3627-4473-957D-44CA9A9DFB79}.Release|Mixed Platforms.ActiveCfg = Release|Any CPU
		{477EFD16-3627-4473-957D-44CA9A9DFB79}.Release|Mixed Platforms.Build.0 = Release|Any CPU
		{477EFD16-3627-4473-957D-44CA9A9DFB79}.Release|x86.ActiveCfg = Release|Any CPU
		{A39FCA19-7716-4A16-8449-D14B7251128A}.Debug|Any CPU.ActiveCfg = Debug|Any CPU
		{A39FCA19-7716-4A16-8449-D14B7251128A}.Debug|Any CPU.Build.0 = Debug|Any CPU
		{A39FCA19-7716-4A16-8449-D14B7251128A}.Debug|Mixed Platforms.ActiveCfg = Debug|Any CPU
		{A39FCA19-7716-4A16-8449-D14B7251128A}.Debug|Mixed Platforms.Build.0 = Debug|Any CPU
		{A39FCA19-7716-4A16-8449-D14B7251128A}.Debug|x86.ActiveCfg = Debug|Any CPU
		{A39FCA19-7716-4A16-8449-D14B7251128A}.Release|Any CPU.ActiveCfg = Release|Any CPU
		{A39FCA19-7716-4A16-8449-D14B7251128A}.Release|Any CPU.Build.0 = Release|Any CPU
		{A39FCA19-7716-4A16-8449-D14B7251128A}.Release|Mixed Platforms.ActiveCfg = Release|Any CPU
		{A39FCA19-7716-4A16-8449-D14B7251128A}.Release|Mixed Platforms.Build.0 = Release|Any CPU
		{A39FCA19-7716-4A16-8449-D14B7251128A}.Release|x86.ActiveCfg = Release|Any CPU
		{18360D99-87C2-479C-AB52-55D0BCA9B000}.Debug|Any CPU.ActiveCfg = Debug|Any CPU
		{18360D99-87C2-479C-AB52-55D0BCA9B000}.Debug|Any CPU.Build.0 = Debug|Any CPU
		{18360D99-87C2-479C-AB52-55D0BCA9B000}.Debug|Mixed Platforms.ActiveCfg = Debug|Any CPU
		{18360D99-87C2-479C-AB52-55D0BCA9B000}.Debug|Mixed Platforms.Build.0 = Debug|Any CPU
		{18360D99-87C2-479C-AB52-55D0BCA9B000}.Debug|x86.ActiveCfg = Debug|Any CPU
		{18360D99-87C2-479C-AB52-55D0BCA9B000}.Release|Any CPU.ActiveCfg = Release|Any CPU
		{18360D99-87C2-479C-AB52-55D0BCA9B000}.Release|Any CPU.Build.0 = Release|Any CPU
		{18360D99-87C2-479C-AB52-55D0BCA9B000}.Release|Mixed Platforms.ActiveCfg = Release|Any CPU
		{18360D99-87C2-479C-AB52-55D0BCA9B000}.Release|Mixed Platforms.Build.0 = Release|Any CPU
		{18360D99-87C2-479C-AB52-55D0BCA9B000}.Release|x86.ActiveCfg = Release|Any CPU
		{9CE48DAC-0512-4947-942B-EF4C42C52B47}.Debug|Any CPU.ActiveCfg = Debug|Any CPU
		{9CE48DAC-0512-4947-942B-EF4C42C52B47}.Debug|Any CPU.Build.0 = Debug|Any CPU
		{9CE48DAC-0512-4947-942B-EF4C42C52B47}.Debug|Mixed Platforms.ActiveCfg = Debug|Any CPU
		{9CE48DAC-0512-4947-942B-EF4C42C52B47}.Debug|Mixed Platforms.Build.0 = Debug|Any CPU
		{9CE48DAC-0512-4947-942B-EF4C42C52B47}.Debug|x86.ActiveCfg = Debug|Any CPU
		{9CE48DAC-0512-4947-942B-EF4C42C52B47}.Release|Any CPU.ActiveCfg = Release|Any CPU
		{9CE48DAC-0512-4947-942B-EF4C42C52B47}.Release|Any CPU.Build.0 = Release|Any CPU
		{9CE48DAC-0512-4947-942B-EF4C42C52B47}.Release|Mixed Platforms.ActiveCfg = Release|Any CPU
		{9CE48DAC-0512-4947-942B-EF4C42C52B47}.Release|Mixed Platforms.Build.0 = Release|Any CPU
		{9CE48DAC-0512-4947-942B-EF4C42C52B47}.Release|x86.ActiveCfg = Release|Any CPU
		{0AB343E8-AA69-4685-9676-BFA27E418A20}.Debug|Any CPU.ActiveCfg = Debug|Any CPU
		{0AB343E8-AA69-4685-9676-BFA27E418A20}.Debug|Any CPU.Build.0 = Debug|Any CPU
		{0AB343E8-AA69-4685-9676-BFA27E418A20}.Debug|Mixed Platforms.ActiveCfg = Debug|Any CPU
		{0AB343E8-AA69-4685-9676-BFA27E418A20}.Debug|Mixed Platforms.Build.0 = Debug|Any CPU
		{0AB343E8-AA69-4685-9676-BFA27E418A20}.Debug|x86.ActiveCfg = Debug|Any CPU
		{0AB343E8-AA69-4685-9676-BFA27E418A20}.Release|Any CPU.ActiveCfg = Release|Any CPU
		{0AB343E8-AA69-4685-9676-BFA27E418A20}.Release|Any CPU.Build.0 = Release|Any CPU
		{0AB343E8-AA69-4685-9676-BFA27E418A20}.Release|Mixed Platforms.ActiveCfg = Release|Any CPU
		{0AB343E8-AA69-4685-9676-BFA27E418A20}.Release|Mixed Platforms.Build.0 = Release|Any CPU
		{0AB343E8-AA69-4685-9676-BFA27E418A20}.Release|x86.ActiveCfg = Release|Any CPU
		{9A00BD39-1385-4DB4-8F38-363BB947CCB4}.Debug|Any CPU.ActiveCfg = Debug|Any CPU
		{9A00BD39-1385-4DB4-8F38-363BB947CCB4}.Debug|Any CPU.Build.0 = Debug|Any CPU
		{9A00BD39-1385-4DB4-8F38-363BB947CCB4}.Debug|Mixed Platforms.ActiveCfg = Debug|Any CPU
		{9A00BD39-1385-4DB4-8F38-363BB947CCB4}.Debug|Mixed Platforms.Build.0 = Debug|Any CPU
		{9A00BD39-1385-4DB4-8F38-363BB947CCB4}.Debug|x86.ActiveCfg = Debug|Any CPU
		{9A00BD39-1385-4DB4-8F38-363BB947CCB4}.Release|Any CPU.ActiveCfg = Release|Any CPU
		{9A00BD39-1385-4DB4-8F38-363BB947CCB4}.Release|Any CPU.Build.0 = Release|Any CPU
		{9A00BD39-1385-4DB4-8F38-363BB947CCB4}.Release|Mixed Platforms.ActiveCfg = Release|Any CPU
		{9A00BD39-1385-4DB4-8F38-363BB947CCB4}.Release|Mixed Platforms.Build.0 = Release|Any CPU
		{9A00BD39-1385-4DB4-8F38-363BB947CCB4}.Release|x86.ActiveCfg = Release|Any CPU
		{3949790D-8591-4101-9E4D-CE7A758E7409}.Debug|Any CPU.ActiveCfg = Debug|Any CPU
		{3949790D-8591-4101-9E4D-CE7A758E7409}.Debug|Any CPU.Build.0 = Debug|Any CPU
		{3949790D-8591-4101-9E4D-CE7A758E7409}.Debug|Mixed Platforms.ActiveCfg = Debug|Any CPU
		{3949790D-8591-4101-9E4D-CE7A758E7409}.Debug|Mixed Platforms.Build.0 = Debug|Any CPU
		{3949790D-8591-4101-9E4D-CE7A758E7409}.Debug|x86.ActiveCfg = Debug|Any CPU
		{3949790D-8591-4101-9E4D-CE7A758E7409}.Release|Any CPU.ActiveCfg = Release|Any CPU
		{3949790D-8591-4101-9E4D-CE7A758E7409}.Release|Any CPU.Build.0 = Release|Any CPU
		{3949790D-8591-4101-9E4D-CE7A758E7409}.Release|Mixed Platforms.ActiveCfg = Release|Any CPU
		{3949790D-8591-4101-9E4D-CE7A758E7409}.Release|Mixed Platforms.Build.0 = Release|Any CPU
		{3949790D-8591-4101-9E4D-CE7A758E7409}.Release|x86.ActiveCfg = Release|Any CPU
		{16C85DF8-5DE6-4A9F-9FC7-7CA5B0440DF3}.Debug|Any CPU.ActiveCfg = Debug|Any CPU
		{16C85DF8-5DE6-4A9F-9FC7-7CA5B0440DF3}.Debug|Any CPU.Build.0 = Debug|Any CPU
		{16C85DF8-5DE6-4A9F-9FC7-7CA5B0440DF3}.Debug|Mixed Platforms.ActiveCfg = Debug|Any CPU
		{16C85DF8-5DE6-4A9F-9FC7-7CA5B0440DF3}.Debug|Mixed Platforms.Build.0 = Debug|Any CPU
		{16C85DF8-5DE6-4A9F-9FC7-7CA5B0440DF3}.Debug|x86.ActiveCfg = Debug|Any CPU
		{16C85DF8-5DE6-4A9F-9FC7-7CA5B0440DF3}.Release|Any CPU.ActiveCfg = Release|Any CPU
		{16C85DF8-5DE6-4A9F-9FC7-7CA5B0440DF3}.Release|Any CPU.Build.0 = Release|Any CPU
		{16C85DF8-5DE6-4A9F-9FC7-7CA5B0440DF3}.Release|Mixed Platforms.ActiveCfg = Release|Any CPU
		{16C85DF8-5DE6-4A9F-9FC7-7CA5B0440DF3}.Release|Mixed Platforms.Build.0 = Release|Any CPU
		{16C85DF8-5DE6-4A9F-9FC7-7CA5B0440DF3}.Release|x86.ActiveCfg = Release|Any CPU
	EndGlobalSection
	GlobalSection(SolutionProperties) = preSolution
		HideSolutionNode = FALSE
	EndGlobalSection
	GlobalSection(NestedProjects) = preSolution
		{3949790D-8591-4101-9E4D-CE7A758E7409} = {5CD955CE-0E5B-4DC6-AAB0-F4491362EE94}
		{16C85DF8-5DE6-4A9F-9FC7-7CA5B0440DF3} = {5CD955CE-0E5B-4DC6-AAB0-F4491362EE94}
		{A39FCA19-7716-4A16-8449-D14B7251128A} = {458B7E03-207F-4031-BF6B-C0404D637DA8}
		{F8573DEB-B116-49D3-A5CC-E4D00D5D877F} = {458B7E03-207F-4031-BF6B-C0404D637DA8}
	EndGlobalSection
EndGlobal
