
Microsoft Visual Studio Solution File, Format Version 12.00
# Visual Studio 2012
Project("{FAE04EC0-301F-11D3-BF4B-00C04F79EFBC}") = "Hermod", "Hermod\Hermod.csproj", "{477EFD16-3627-4473-957D-44CA9A9DFB79}"
EndProject
Project("{2150E333-8FDC-42A3-9474-1A3956D46DE8}") = "Dependencies", "Dependencies", "{5CD955CE-0E5B-4DC6-AAB0-F4491362EE94}"
EndProject
Project("{FAE04EC0-301F-11D3-BF4B-00C04F79EFBC}") = "HermodTests", "HermodTests\HermodTests.csproj", "{8F1ABEE3-CFF0-47D6-A872-25112A74CCDA}"
EndProject
Project("{2150E333-8FDC-42A3-9474-1A3956D46DE8}") = "UnitTests", "UnitTests", "{458B7E03-207F-4031-BF6B-C0404D637DA8}"
EndProject
Project("{FAE04EC0-301F-11D3-BF4B-00C04F79EFBC}") = "HermodHTTPServer", "HermodHTTPServer\HermodHTTPServer.csproj", "{9CE48DAC-0512-4947-942B-EF4C42C52B47}"
EndProject
Project("{FAE04EC0-301F-11D3-BF4B-00C04F79EFBC}") = "HermodHTTPClient", "HermodHTTPClient\HermodHTTPClient.csproj", "{0AB343E8-AA69-4685-9676-BFA27E418A20}"
EndProject
Project("{FAE04EC0-301F-11D3-BF4B-00C04F79EFBC}") = "HermodHTTP", "HermodHTTP\HermodHTTP.csproj", "{9A00BD39-1385-4DB4-8F38-363BB947CCB4}"
EndProject
Project("{2150E333-8FDC-42A3-9474-1A3956D46DE8}") = "Dependencies", "Dependencies", "{F8573DEB-B116-49D3-A5CC-E4D00D5D877F}"
EndProject
Project("{FAE04EC0-301F-11D3-BF4B-00C04F79EFBC}") = "CommonsTests", "..\Illias\CommonsTests\CommonsTests.csproj", "{02A5F706-A9AC-46BE-A428-EA6F990D8E21}"
EndProject
Project("{FAE04EC0-301F-11D3-BF4B-00C04F79EFBC}") = "StyxTests", "..\Styx\StyxTests\StyxTests.csproj", "{6F2452F5-BF16-4577-9C5A-85C8D7B5289D}"
EndProject
Project("{FAE04EC0-301F-11D3-BF4B-00C04F79EFBC}") = "HermodRawIP", "HermodRawIP\HermodRawIP.csproj", "{18360D99-87C2-479C-AB52-55D0BCA9B000}"
EndProject
Project("{FAE04EC0-301F-11D3-BF4B-00C04F79EFBC}") = "Styx", "..\Styx\Styx\Styx.csproj", "{3949790D-8591-4101-9E4D-CE7A758E7409}"
EndProject
Project("{FAE04EC0-301F-11D3-BF4B-00C04F79EFBC}") = "Styx.NET4.5", "..\Styx\Styx.NET4.5\Styx.NET4.5.csproj", "{AF76ECC0-2CA5-4CFF-9E1E-FF5478C4B6E4}"
EndProject
Project("{FAE04EC0-301F-11D3-BF4B-00C04F79EFBC}") = "Commons", "..\Illias\Commons\Commons.csproj", "{D3B1AF79-161F-4299-8B14-133286D635B8}"
EndProject
Project("{FAE04EC0-301F-11D3-BF4B-00C04F79EFBC}") = "Commons.NET4.5", "..\Illias\Commons.NET4.5\Commons.NET4.5.csproj", "{CCC826D7-9AC7-4CE6-82F8-B835168EBA35}"
EndProject
Global
	GlobalSection(SolutionConfigurationPlatforms) = preSolution
		Debug|Any CPU = Debug|Any CPU
		Debug|Mixed Platforms = Debug|Mixed Platforms
		Debug|x86 = Debug|x86
		Release|Any CPU = Release|Any CPU
		Release|Mixed Platforms = Release|Mixed Platforms
		Release|x86 = Release|x86
	EndGlobalSection
	GlobalSection(ProjectConfigurationPlatforms) = postSolution
		{477EFD16-3627-4473-957D-44CA9A9DFB79}.Debug|Any CPU.ActiveCfg = Debug|Any CPU
		{477EFD16-3627-4473-957D-44CA9A9DFB79}.Debug|Any CPU.Build.0 = Debug|Any CPU
		{477EFD16-3627-4473-957D-44CA9A9DFB79}.Debug|Mixed Platforms.ActiveCfg = Debug|Any CPU
		{477EFD16-3627-4473-957D-44CA9A9DFB79}.Debug|Mixed Platforms.Build.0 = Debug|Any CPU
		{477EFD16-3627-4473-957D-44CA9A9DFB79}.Debug|x86.ActiveCfg = Debug|Any CPU
		{477EFD16-3627-4473-957D-44CA9A9DFB79}.Release|Any CPU.ActiveCfg = Release|Any CPU
		{477EFD16-3627-4473-957D-44CA9A9DFB79}.Release|Any CPU.Build.0 = Release|Any CPU
		{477EFD16-3627-4473-957D-44CA9A9DFB79}.Release|Mixed Platforms.ActiveCfg = Release|Any CPU
		{477EFD16-3627-4473-957D-44CA9A9DFB79}.Release|Mixed Platforms.Build.0 = Release|Any CPU
		{477EFD16-3627-4473-957D-44CA9A9DFB79}.Release|x86.ActiveCfg = Release|Any CPU
		{8F1ABEE3-CFF0-47D6-A872-25112A74CCDA}.Debug|Any CPU.ActiveCfg = Debug|Any CPU
		{8F1ABEE3-CFF0-47D6-A872-25112A74CCDA}.Debug|Any CPU.Build.0 = Debug|Any CPU
		{8F1ABEE3-CFF0-47D6-A872-25112A74CCDA}.Debug|Mixed Platforms.ActiveCfg = Debug|Any CPU
		{8F1ABEE3-CFF0-47D6-A872-25112A74CCDA}.Debug|Mixed Platforms.Build.0 = Debug|Any CPU
		{8F1ABEE3-CFF0-47D6-A872-25112A74CCDA}.Debug|x86.ActiveCfg = Debug|Any CPU
		{8F1ABEE3-CFF0-47D6-A872-25112A74CCDA}.Release|Any CPU.ActiveCfg = Release|Any CPU
		{8F1ABEE3-CFF0-47D6-A872-25112A74CCDA}.Release|Any CPU.Build.0 = Release|Any CPU
		{8F1ABEE3-CFF0-47D6-A872-25112A74CCDA}.Release|Mixed Platforms.ActiveCfg = Release|Any CPU
		{8F1ABEE3-CFF0-47D6-A872-25112A74CCDA}.Release|Mixed Platforms.Build.0 = Release|Any CPU
		{8F1ABEE3-CFF0-47D6-A872-25112A74CCDA}.Release|x86.ActiveCfg = Release|Any CPU
		{9CE48DAC-0512-4947-942B-EF4C42C52B47}.Debug|Any CPU.ActiveCfg = Debug|Any CPU
		{9CE48DAC-0512-4947-942B-EF4C42C52B47}.Debug|Any CPU.Build.0 = Debug|Any CPU
		{9CE48DAC-0512-4947-942B-EF4C42C52B47}.Debug|Mixed Platforms.ActiveCfg = Debug|Any CPU
		{9CE48DAC-0512-4947-942B-EF4C42C52B47}.Debug|Mixed Platforms.Build.0 = Debug|Any CPU
		{9CE48DAC-0512-4947-942B-EF4C42C52B47}.Debug|x86.ActiveCfg = Debug|Any CPU
		{9CE48DAC-0512-4947-942B-EF4C42C52B47}.Release|Any CPU.ActiveCfg = Release|Any CPU
		{9CE48DAC-0512-4947-942B-EF4C42C52B47}.Release|Any CPU.Build.0 = Release|Any CPU
		{9CE48DAC-0512-4947-942B-EF4C42C52B47}.Release|Mixed Platforms.ActiveCfg = Release|Any CPU
		{9CE48DAC-0512-4947-942B-EF4C42C52B47}.Release|Mixed Platforms.Build.0 = Release|Any CPU
		{9CE48DAC-0512-4947-942B-EF4C42C52B47}.Release|x86.ActiveCfg = Release|Any CPU
		{0AB343E8-AA69-4685-9676-BFA27E418A20}.Debug|Any CPU.ActiveCfg = Debug|Any CPU
		{0AB343E8-AA69-4685-9676-BFA27E418A20}.Debug|Any CPU.Build.0 = Debug|Any CPU
		{0AB343E8-AA69-4685-9676-BFA27E418A20}.Debug|Mixed Platforms.ActiveCfg = Debug|Any CPU
		{0AB343E8-AA69-4685-9676-BFA27E418A20}.Debug|Mixed Platforms.Build.0 = Debug|Any CPU
		{0AB343E8-AA69-4685-9676-BFA27E418A20}.Debug|x86.ActiveCfg = Debug|Any CPU
		{0AB343E8-AA69-4685-9676-BFA27E418A20}.Release|Any CPU.ActiveCfg = Release|Any CPU
		{0AB343E8-AA69-4685-9676-BFA27E418A20}.Release|Any CPU.Build.0 = Release|Any CPU
		{0AB343E8-AA69-4685-9676-BFA27E418A20}.Release|Mixed Platforms.ActiveCfg = Release|Any CPU
		{0AB343E8-AA69-4685-9676-BFA27E418A20}.Release|Mixed Platforms.Build.0 = Release|Any CPU
		{0AB343E8-AA69-4685-9676-BFA27E418A20}.Release|x86.ActiveCfg = Release|Any CPU
		{9A00BD39-1385-4DB4-8F38-363BB947CCB4}.Debug|Any CPU.ActiveCfg = Debug|Any CPU
		{9A00BD39-1385-4DB4-8F38-363BB947CCB4}.Debug|Any CPU.Build.0 = Debug|Any CPU
		{9A00BD39-1385-4DB4-8F38-363BB947CCB4}.Debug|Mixed Platforms.ActiveCfg = Debug|Any CPU
		{9A00BD39-1385-4DB4-8F38-363BB947CCB4}.Debug|Mixed Platforms.Build.0 = Debug|Any CPU
		{9A00BD39-1385-4DB4-8F38-363BB947CCB4}.Debug|x86.ActiveCfg = Debug|Any CPU
		{9A00BD39-1385-4DB4-8F38-363BB947CCB4}.Release|Any CPU.ActiveCfg = Release|Any CPU
		{9A00BD39-1385-4DB4-8F38-363BB947CCB4}.Release|Any CPU.Build.0 = Release|Any CPU
		{9A00BD39-1385-4DB4-8F38-363BB947CCB4}.Release|Mixed Platforms.ActiveCfg = Release|Any CPU
		{9A00BD39-1385-4DB4-8F38-363BB947CCB4}.Release|Mixed Platforms.Build.0 = Release|Any CPU
		{9A00BD39-1385-4DB4-8F38-363BB947CCB4}.Release|x86.ActiveCfg = Release|Any CPU
		{02A5F706-A9AC-46BE-A428-EA6F990D8E21}.Debug|Any CPU.ActiveCfg = Debug|Any CPU
		{02A5F706-A9AC-46BE-A428-EA6F990D8E21}.Debug|Any CPU.Build.0 = Debug|Any CPU
		{02A5F706-A9AC-46BE-A428-EA6F990D8E21}.Debug|Mixed Platforms.ActiveCfg = Debug|Any CPU
		{02A5F706-A9AC-46BE-A428-EA6F990D8E21}.Debug|Mixed Platforms.Build.0 = Debug|Any CPU
		{02A5F706-A9AC-46BE-A428-EA6F990D8E21}.Debug|x86.ActiveCfg = Debug|Any CPU
		{02A5F706-A9AC-46BE-A428-EA6F990D8E21}.Release|Any CPU.ActiveCfg = Release|Any CPU
		{02A5F706-A9AC-46BE-A428-EA6F990D8E21}.Release|Any CPU.Build.0 = Release|Any CPU
		{02A5F706-A9AC-46BE-A428-EA6F990D8E21}.Release|Mixed Platforms.ActiveCfg = Release|Any CPU
		{02A5F706-A9AC-46BE-A428-EA6F990D8E21}.Release|Mixed Platforms.Build.0 = Release|Any CPU
		{02A5F706-A9AC-46BE-A428-EA6F990D8E21}.Release|x86.ActiveCfg = Release|Any CPU
		{6F2452F5-BF16-4577-9C5A-85C8D7B5289D}.Debug|Any CPU.ActiveCfg = Debug|Any CPU
		{6F2452F5-BF16-4577-9C5A-85C8D7B5289D}.Debug|Any CPU.Build.0 = Debug|Any CPU
		{6F2452F5-BF16-4577-9C5A-85C8D7B5289D}.Debug|Mixed Platforms.ActiveCfg = Debug|Any CPU
		{6F2452F5-BF16-4577-9C5A-85C8D7B5289D}.Debug|Mixed Platforms.Build.0 = Debug|Any CPU
		{6F2452F5-BF16-4577-9C5A-85C8D7B5289D}.Debug|x86.ActiveCfg = Debug|Any CPU
		{6F2452F5-BF16-4577-9C5A-85C8D7B5289D}.Release|Any CPU.ActiveCfg = Release|Any CPU
		{6F2452F5-BF16-4577-9C5A-85C8D7B5289D}.Release|Any CPU.Build.0 = Release|Any CPU
		{6F2452F5-BF16-4577-9C5A-85C8D7B5289D}.Release|Mixed Platforms.ActiveCfg = Release|Any CPU
		{6F2452F5-BF16-4577-9C5A-85C8D7B5289D}.Release|Mixed Platforms.Build.0 = Release|Any CPU
		{6F2452F5-BF16-4577-9C5A-85C8D7B5289D}.Release|x86.ActiveCfg = Release|Any CPU
		{18360D99-87C2-479C-AB52-55D0BCA9B000}.Debug|Any CPU.ActiveCfg = Debug|Any CPU
		{18360D99-87C2-479C-AB52-55D0BCA9B000}.Debug|Any CPU.Build.0 = Debug|Any CPU
		{18360D99-87C2-479C-AB52-55D0BCA9B000}.Debug|Mixed Platforms.ActiveCfg = Debug|Any CPU
		{18360D99-87C2-479C-AB52-55D0BCA9B000}.Debug|Mixed Platforms.Build.0 = Debug|Any CPU
		{18360D99-87C2-479C-AB52-55D0BCA9B000}.Debug|x86.ActiveCfg = Debug|Any CPU
		{18360D99-87C2-479C-AB52-55D0BCA9B000}.Release|Any CPU.ActiveCfg = Release|Any CPU
		{18360D99-87C2-479C-AB52-55D0BCA9B000}.Release|Any CPU.Build.0 = Release|Any CPU
		{18360D99-87C2-479C-AB52-55D0BCA9B000}.Release|Mixed Platforms.ActiveCfg = Release|Any CPU
		{18360D99-87C2-479C-AB52-55D0BCA9B000}.Release|Mixed Platforms.Build.0 = Release|Any CPU
		{18360D99-87C2-479C-AB52-55D0BCA9B000}.Release|x86.ActiveCfg = Release|Any CPU
		{3949790D-8591-4101-9E4D-CE7A758E7409}.Debug|Any CPU.ActiveCfg = Debug|Any CPU
		{3949790D-8591-4101-9E4D-CE7A758E7409}.Debug|Any CPU.Build.0 = Debug|Any CPU
		{3949790D-8591-4101-9E4D-CE7A758E7409}.Debug|Mixed Platforms.ActiveCfg = Debug|Any CPU
		{3949790D-8591-4101-9E4D-CE7A758E7409}.Debug|Mixed Platforms.Build.0 = Debug|Any CPU
		{3949790D-8591-4101-9E4D-CE7A758E7409}.Debug|x86.ActiveCfg = Debug|Any CPU
		{3949790D-8591-4101-9E4D-CE7A758E7409}.Release|Any CPU.ActiveCfg = Release|Any CPU
		{3949790D-8591-4101-9E4D-CE7A758E7409}.Release|Any CPU.Build.0 = Release|Any CPU
		{3949790D-8591-4101-9E4D-CE7A758E7409}.Release|Mixed Platforms.ActiveCfg = Release|Any CPU
		{3949790D-8591-4101-9E4D-CE7A758E7409}.Release|Mixed Platforms.Build.0 = Release|Any CPU
		{3949790D-8591-4101-9E4D-CE7A758E7409}.Release|x86.ActiveCfg = Release|Any CPU
		{AF76ECC0-2CA5-4CFF-9E1E-FF5478C4B6E4}.Debug|Any CPU.ActiveCfg = Debug|Any CPU
		{AF76ECC0-2CA5-4CFF-9E1E-FF5478C4B6E4}.Debug|Any CPU.Build.0 = Debug|Any CPU
		{AF76ECC0-2CA5-4CFF-9E1E-FF5478C4B6E4}.Debug|Mixed Platforms.ActiveCfg = Debug|Any CPU
		{AF76ECC0-2CA5-4CFF-9E1E-FF5478C4B6E4}.Debug|Mixed Platforms.Build.0 = Debug|Any CPU
		{AF76ECC0-2CA5-4CFF-9E1E-FF5478C4B6E4}.Debug|x86.ActiveCfg = Debug|Any CPU
		{AF76ECC0-2CA5-4CFF-9E1E-FF5478C4B6E4}.Release|Any CPU.ActiveCfg = Release|Any CPU
		{AF76ECC0-2CA5-4CFF-9E1E-FF5478C4B6E4}.Release|Any CPU.Build.0 = Release|Any CPU
		{AF76ECC0-2CA5-4CFF-9E1E-FF5478C4B6E4}.Release|Mixed Platforms.ActiveCfg = Release|Any CPU
		{AF76ECC0-2CA5-4CFF-9E1E-FF5478C4B6E4}.Release|Mixed Platforms.Build.0 = Release|Any CPU
		{AF76ECC0-2CA5-4CFF-9E1E-FF5478C4B6E4}.Release|x86.ActiveCfg = Release|Any CPU
		{D3B1AF79-161F-4299-8B14-133286D635B8}.Debug|Any CPU.ActiveCfg = Debug|Any CPU
		{D3B1AF79-161F-4299-8B14-133286D635B8}.Debug|Any CPU.Build.0 = Debug|Any CPU
		{D3B1AF79-161F-4299-8B14-133286D635B8}.Debug|Mixed Platforms.ActiveCfg = Debug|Any CPU
		{D3B1AF79-161F-4299-8B14-133286D635B8}.Debug|Mixed Platforms.Build.0 = Debug|Any CPU
		{D3B1AF79-161F-4299-8B14-133286D635B8}.Debug|x86.ActiveCfg = Debug|Any CPU
		{D3B1AF79-161F-4299-8B14-133286D635B8}.Release|Any CPU.ActiveCfg = Release|Any CPU
		{D3B1AF79-161F-4299-8B14-133286D635B8}.Release|Any CPU.Build.0 = Release|Any CPU
		{D3B1AF79-161F-4299-8B14-133286D635B8}.Release|Mixed Platforms.ActiveCfg = Release|Any CPU
		{D3B1AF79-161F-4299-8B14-133286D635B8}.Release|Mixed Platforms.Build.0 = Release|Any CPU
		{D3B1AF79-161F-4299-8B14-133286D635B8}.Release|x86.ActiveCfg = Release|Any CPU
		{CCC826D7-9AC7-4CE6-82F8-B835168EBA35}.Debug|Any CPU.ActiveCfg = Debug|Any CPU
		{CCC826D7-9AC7-4CE6-82F8-B835168EBA35}.Debug|Any CPU.Build.0 = Debug|Any CPU
		{CCC826D7-9AC7-4CE6-82F8-B835168EBA35}.Debug|Mixed Platforms.ActiveCfg = Debug|Any CPU
		{CCC826D7-9AC7-4CE6-82F8-B835168EBA35}.Debug|Mixed Platforms.Build.0 = Debug|Any CPU
		{CCC826D7-9AC7-4CE6-82F8-B835168EBA35}.Debug|x86.ActiveCfg = Debug|Any CPU
		{CCC826D7-9AC7-4CE6-82F8-B835168EBA35}.Release|Any CPU.ActiveCfg = Release|Any CPU
		{CCC826D7-9AC7-4CE6-82F8-B835168EBA35}.Release|Any CPU.Build.0 = Release|Any CPU
		{CCC826D7-9AC7-4CE6-82F8-B835168EBA35}.Release|Mixed Platforms.ActiveCfg = Release|Any CPU
		{CCC826D7-9AC7-4CE6-82F8-B835168EBA35}.Release|Mixed Platforms.Build.0 = Release|Any CPU
		{CCC826D7-9AC7-4CE6-82F8-B835168EBA35}.Release|x86.ActiveCfg = Release|Any CPU
	EndGlobalSection
	GlobalSection(SolutionProperties) = preSolution
		HideSolutionNode = FALSE
	EndGlobalSection
	GlobalSection(NestedProjects) = preSolution
		{3949790D-8591-4101-9E4D-CE7A758E7409} = {5CD955CE-0E5B-4DC6-AAB0-F4491362EE94}
		{AF76ECC0-2CA5-4CFF-9E1E-FF5478C4B6E4} = {5CD955CE-0E5B-4DC6-AAB0-F4491362EE94}
		{D3B1AF79-161F-4299-8B14-133286D635B8} = {5CD955CE-0E5B-4DC6-AAB0-F4491362EE94}
		{CCC826D7-9AC7-4CE6-82F8-B835168EBA35} = {5CD955CE-0E5B-4DC6-AAB0-F4491362EE94}
		{8F1ABEE3-CFF0-47D6-A872-25112A74CCDA} = {458B7E03-207F-4031-BF6B-C0404D637DA8}
		{F8573DEB-B116-49D3-A5CC-E4D00D5D877F} = {458B7E03-207F-4031-BF6B-C0404D637DA8}
		{02A5F706-A9AC-46BE-A428-EA6F990D8E21} = {F8573DEB-B116-49D3-A5CC-E4D00D5D877F}
		{6F2452F5-BF16-4577-9C5A-85C8D7B5289D} = {F8573DEB-B116-49D3-A5CC-E4D00D5D877F}
	EndGlobalSection
EndGlobal
